
Microsoft Visual Studio Solution File, Format Version 12.00
# Visual Studio 2013
VisualStudioVersion = 12.0.40629.0
MinimumVisualStudioVersion = 10.0.40219.1
Project("{2150E333-8FDC-42A3-9474-1A3956D46DE8}") = "Tests", "Tests", "{9E0382EF-5DC4-4A81-B514-80881BC81634}"
EndProject
Project("{2150E333-8FDC-42A3-9474-1A3956D46DE8}") = "Extensions", "Extensions", "{DAA92676-F852-480F-8778-B6F3711CE136}"
EndProject
Project("{FAE04EC0-301F-11D3-BF4B-00C04F79EFBC}") = "Komsky.Web", "Komsky.Web\Komsky.Web.csproj", "{CB783B38-5DFB-4F9D-B78D-80C4D370B85B}"
EndProject
Project("{FAE04EC0-301F-11D3-BF4B-00C04F79EFBC}") = "Komsky.Web.Tests", "Komsky.Web.Tests\Komsky.Web.Tests.csproj", "{8E004584-8CAA-44B7-9284-C8AFD4D7AF1C}"
EndProject
Project("{FAE04EC0-301F-11D3-BF4B-00C04F79EFBC}") = "Komsky.Helpers", "Komsky.Helpers\Komsky.Helpers.csproj", "{BACAB8D4-9033-4F22-AC30-9F68B96782A4}"
EndProject
Project("{FAE04EC0-301F-11D3-BF4B-00C04F79EFBC}") = "Komsky.Owin", "Komsky.Owin\Komsky.Owin.csproj", "{0483FA16-1A70-40EB-9F99-442D79A1E49A}"
EndProject
Project("{2150E333-8FDC-42A3-9474-1A3956D46DE8}") = "Data", "Data", "{3E94F796-E0A3-4602-B580-A8B968B153DC}"
EndProject
Project("{FAE04EC0-301F-11D3-BF4B-00C04F79EFBC}") = "Komsky.Data.DataAccess", "Komsky.Data.DataAccess\Komsky.Data.DataAccess.csproj", "{2C8B3214-CF95-48DC-AAA3-83F580DAA3A7}"
EndProject
Project("{FAE04EC0-301F-11D3-BF4B-00C04F79EFBC}") = "Komsky.Data.Entities", "Komsky.Data.Entities\Komsky.Data.Entities.csproj", "{4E684419-879B-4AD8-97FF-7197225D153E}"
EndProject
Global
	GlobalSection(SolutionConfigurationPlatforms) = preSolution
		Debug|Any CPU = Debug|Any CPU
		Release|Any CPU = Release|Any CPU
	EndGlobalSection
	GlobalSection(ProjectConfigurationPlatforms) = postSolution
		{CB783B38-5DFB-4F9D-B78D-80C4D370B85B}.Debug|Any CPU.ActiveCfg = Debug|Any CPU
		{CB783B38-5DFB-4F9D-B78D-80C4D370B85B}.Debug|Any CPU.Build.0 = Debug|Any CPU
		{CB783B38-5DFB-4F9D-B78D-80C4D370B85B}.Release|Any CPU.ActiveCfg = Release|Any CPU
		{CB783B38-5DFB-4F9D-B78D-80C4D370B85B}.Release|Any CPU.Build.0 = Release|Any CPU
		{8E004584-8CAA-44B7-9284-C8AFD4D7AF1C}.Debug|Any CPU.ActiveCfg = Debug|Any CPU
		{8E004584-8CAA-44B7-9284-C8AFD4D7AF1C}.Debug|Any CPU.Build.0 = Debug|Any CPU
		{8E004584-8CAA-44B7-9284-C8AFD4D7AF1C}.Release|Any CPU.ActiveCfg = Release|Any CPU
		{8E004584-8CAA-44B7-9284-C8AFD4D7AF1C}.Release|Any CPU.Build.0 = Release|Any CPU
		{BACAB8D4-9033-4F22-AC30-9F68B96782A4}.Debug|Any CPU.ActiveCfg = Debug|Any CPU
		{BACAB8D4-9033-4F22-AC30-9F68B96782A4}.Debug|Any CPU.Build.0 = Debug|Any CPU
		{BACAB8D4-9033-4F22-AC30-9F68B96782A4}.Release|Any CPU.ActiveCfg = Release|Any CPU
		{BACAB8D4-9033-4F22-AC30-9F68B96782A4}.Release|Any CPU.Build.0 = Release|Any CPU
		{0483FA16-1A70-40EB-9F99-442D79A1E49A}.Debug|Any CPU.ActiveCfg = Debug|Any CPU
		{0483FA16-1A70-40EB-9F99-442D79A1E49A}.Debug|Any CPU.Build.0 = Debug|Any CPU
		{0483FA16-1A70-40EB-9F99-442D79A1E49A}.Release|Any CPU.ActiveCfg = Release|Any CPU
		{0483FA16-1A70-40EB-9F99-442D79A1E49A}.Release|Any CPU.Build.0 = Release|Any CPU
		{2C8B3214-CF95-48DC-AAA3-83F580DAA3A7}.Debug|Any CPU.ActiveCfg = Debug|Any CPU
		{2C8B3214-CF95-48DC-AAA3-83F580DAA3A7}.Debug|Any CPU.Build.0 = Debug|Any CPU
		{2C8B3214-CF95-48DC-AAA3-83F580DAA3A7}.Release|Any CPU.ActiveCfg = Release|Any CPU
		{2C8B3214-CF95-48DC-AAA3-83F580DAA3A7}.Release|Any CPU.Build.0 = Release|Any CPU
		{4E684419-879B-4AD8-97FF-7197225D153E}.Debug|Any CPU.ActiveCfg = Debug|Any CPU
		{4E684419-879B-4AD8-97FF-7197225D153E}.Debug|Any CPU.Build.0 = Debug|Any CPU
		{4E684419-879B-4AD8-97FF-7197225D153E}.Release|Any CPU.ActiveCfg = Release|Any CPU
		{4E684419-879B-4AD8-97FF-7197225D153E}.Release|Any CPU.Build.0 = Release|Any CPU
	EndGlobalSection
	GlobalSection(SolutionProperties) = preSolution
		HideSolutionNode = FALSE
	EndGlobalSection
	GlobalSection(NestedProjects) = preSolution
		{8E004584-8CAA-44B7-9284-C8AFD4D7AF1C} = {9E0382EF-5DC4-4A81-B514-80881BC81634}
		{BACAB8D4-9033-4F22-AC30-9F68B96782A4} = {DAA92676-F852-480F-8778-B6F3711CE136}
		{0483FA16-1A70-40EB-9F99-442D79A1E49A} = {DAA92676-F852-480F-8778-B6F3711CE136}
		{2C8B3214-CF95-48DC-AAA3-83F580DAA3A7} = {3E94F796-E0A3-4602-B580-A8B968B153DC}
		{4E684419-879B-4AD8-97FF-7197225D153E} = {3E94F796-E0A3-4602-B580-A8B968B153DC}
	EndGlobalSection
EndGlobal
