
Microsoft Visual Studio Solution File, Format Version 12.00
# Visual Studio 2013
VisualStudioVersion = 12.0.31101.0
MinimumVisualStudioVersion = 10.0.40219.1
Project("{FAE04EC0-301F-11D3-BF4B-00C04F79EFBC}") = "Komsky.Web", "Komsky.Web\Komsky.Web.csproj", "{0CB189C9-3BB0-490F-9A08-63092C153526}"
EndProject
Project("{FAE04EC0-301F-11D3-BF4B-00C04F79EFBC}") = "Komsky.Web.Tests", "Komsky.Web.Tests\Komsky.Web.Tests.csproj", "{5DF434C7-DBF6-4071-A77B-851B926539A1}"
EndProject
Project("{2150E333-8FDC-42A3-9474-1A3956D46DE8}") = "Services", "Services", "{220CD265-95E6-4F56-BFA3-49D6F935789B}"
EndProject
Project("{FAE04EC0-301F-11D3-BF4B-00C04F79EFBC}") = "Komsky.Services", "Komsky.Services\Komsky.Services.csproj", "{E2488431-EA81-4003-BE34-5733F6A61262}"
EndProject
Project("{FAE04EC0-301F-11D3-BF4B-00C04F79EFBC}") = "Komsky.Domain", "Komsky.Domain\Komsky.Domain.csproj", "{07760E09-10F2-4697-9F8A-9FF8DCC172DF}"
EndProject
Project("{2150E333-8FDC-42A3-9474-1A3956D46DE8}") = "Data", "Data", "{6DD3AC42-96B0-4A9F-9D5E-6F52ED735A70}"
EndProject
Project("{FAE04EC0-301F-11D3-BF4B-00C04F79EFBC}") = "Komsky.Data.DataAccess", "Komsky.Data.DataAccess\Komsky.Data.DataAccess.csproj", "{9C2B03E2-AF70-4316-B129-2BCF0554EE3A}"
EndProject
Project("{FAE04EC0-301F-11D3-BF4B-00C04F79EFBC}") = "Komsky.Data.Entities", "Komsky.Data.Entities\Komsky.Data.Entities.csproj", "{11997204-0984-4806-8721-21CA057BA47E}"
EndProject
Project("{2150E333-8FDC-42A3-9474-1A3956D46DE8}") = "Test", "Test", "{17A95E57-AF61-4253-B8B3-5A8529E99EE4}"
EndProject
Project("{FAE04EC0-301F-11D3-BF4B-00C04F79EFBC}") = "Komsky.Data", "Komsky.Data\Komsky.Data.csproj", "{6503CB4D-86D3-4AD8-8442-CD30732DEAA7}"
EndProject
Project("{2150E333-8FDC-42A3-9474-1A3956D46DE8}") = "Common", "Common", "{D85AF556-3D68-402F-978D-BF1FFF205702}"
EndProject
Project("{FAE04EC0-301F-11D3-BF4B-00C04F79EFBC}") = "Komsky.Enums", "Komsky.Enums\Komsky.Enums.csproj", "{9E4428C0-D1F2-45E5-B5D8-331F894C23A1}"
EndProject
Project("{FAE04EC0-301F-11D3-BF4B-00C04F79EFBC}") = "Komsky.Fakes", "Komsky.Fakes\Komsky.Fakes.csproj", "{C54EA278-42F5-47A1-89D6-01A7FB4ABA93}"
EndProject
Project("{FAE04EC0-301F-11D3-BF4B-00C04F79EFBC}") = "Komsky.Mvc", "Komsky.MVC\Komsky.Mvc.csproj", "{28560015-1F1B-495E-9FAF-D4124436C2D7}"
EndProject
Project("{FAE04EC0-301F-11D3-BF4B-00C04F79EFBC}") = "Komsky.Utils", "Komsky.Utils\Komsky.Utils.csproj", "{23727DA3-DC45-44D8-AE9B-E1EDC8BE7266}"
EndProject
Global
	GlobalSection(SolutionConfigurationPlatforms) = preSolution
		Debug|Any CPU = Debug|Any CPU
		Release|Any CPU = Release|Any CPU
	EndGlobalSection
	GlobalSection(ProjectConfigurationPlatforms) = postSolution
		{0CB189C9-3BB0-490F-9A08-63092C153526}.Debug|Any CPU.ActiveCfg = Debug|Any CPU
		{0CB189C9-3BB0-490F-9A08-63092C153526}.Debug|Any CPU.Build.0 = Debug|Any CPU
		{0CB189C9-3BB0-490F-9A08-63092C153526}.Release|Any CPU.ActiveCfg = Release|Any CPU
		{0CB189C9-3BB0-490F-9A08-63092C153526}.Release|Any CPU.Build.0 = Release|Any CPU
		{5DF434C7-DBF6-4071-A77B-851B926539A1}.Debug|Any CPU.ActiveCfg = Debug|Any CPU
		{5DF434C7-DBF6-4071-A77B-851B926539A1}.Debug|Any CPU.Build.0 = Debug|Any CPU
		{5DF434C7-DBF6-4071-A77B-851B926539A1}.Release|Any CPU.ActiveCfg = Release|Any CPU
		{5DF434C7-DBF6-4071-A77B-851B926539A1}.Release|Any CPU.Build.0 = Release|Any CPU
		{E2488431-EA81-4003-BE34-5733F6A61262}.Debug|Any CPU.ActiveCfg = Debug|Any CPU
		{E2488431-EA81-4003-BE34-5733F6A61262}.Debug|Any CPU.Build.0 = Debug|Any CPU
		{E2488431-EA81-4003-BE34-5733F6A61262}.Release|Any CPU.ActiveCfg = Release|Any CPU
		{E2488431-EA81-4003-BE34-5733F6A61262}.Release|Any CPU.Build.0 = Release|Any CPU
		{07760E09-10F2-4697-9F8A-9FF8DCC172DF}.Debug|Any CPU.ActiveCfg = Debug|Any CPU
		{07760E09-10F2-4697-9F8A-9FF8DCC172DF}.Debug|Any CPU.Build.0 = Debug|Any CPU
		{07760E09-10F2-4697-9F8A-9FF8DCC172DF}.Release|Any CPU.ActiveCfg = Release|Any CPU
		{07760E09-10F2-4697-9F8A-9FF8DCC172DF}.Release|Any CPU.Build.0 = Release|Any CPU
		{9C2B03E2-AF70-4316-B129-2BCF0554EE3A}.Debug|Any CPU.ActiveCfg = Debug|Any CPU
		{9C2B03E2-AF70-4316-B129-2BCF0554EE3A}.Debug|Any CPU.Build.0 = Debug|Any CPU
		{9C2B03E2-AF70-4316-B129-2BCF0554EE3A}.Release|Any CPU.ActiveCfg = Release|Any CPU
		{9C2B03E2-AF70-4316-B129-2BCF0554EE3A}.Release|Any CPU.Build.0 = Release|Any CPU
		{11997204-0984-4806-8721-21CA057BA47E}.Debug|Any CPU.ActiveCfg = Debug|Any CPU
		{11997204-0984-4806-8721-21CA057BA47E}.Debug|Any CPU.Build.0 = Debug|Any CPU
		{11997204-0984-4806-8721-21CA057BA47E}.Release|Any CPU.ActiveCfg = Release|Any CPU
		{11997204-0984-4806-8721-21CA057BA47E}.Release|Any CPU.Build.0 = Release|Any CPU
		{6503CB4D-86D3-4AD8-8442-CD30732DEAA7}.Debug|Any CPU.ActiveCfg = Debug|Any CPU
		{6503CB4D-86D3-4AD8-8442-CD30732DEAA7}.Debug|Any CPU.Build.0 = Debug|Any CPU
		{6503CB4D-86D3-4AD8-8442-CD30732DEAA7}.Release|Any CPU.ActiveCfg = Release|Any CPU
		{6503CB4D-86D3-4AD8-8442-CD30732DEAA7}.Release|Any CPU.Build.0 = Release|Any CPU
		{9E4428C0-D1F2-45E5-B5D8-331F894C23A1}.Debug|Any CPU.ActiveCfg = Debug|Any CPU
		{9E4428C0-D1F2-45E5-B5D8-331F894C23A1}.Debug|Any CPU.Build.0 = Debug|Any CPU
		{9E4428C0-D1F2-45E5-B5D8-331F894C23A1}.Release|Any CPU.ActiveCfg = Release|Any CPU
		{9E4428C0-D1F2-45E5-B5D8-331F894C23A1}.Release|Any CPU.Build.0 = Release|Any CPU
		{C54EA278-42F5-47A1-89D6-01A7FB4ABA93}.Debug|Any CPU.ActiveCfg = Debug|Any CPU
		{C54EA278-42F5-47A1-89D6-01A7FB4ABA93}.Debug|Any CPU.Build.0 = Debug|Any CPU
		{C54EA278-42F5-47A1-89D6-01A7FB4ABA93}.Release|Any CPU.ActiveCfg = Release|Any CPU
		{C54EA278-42F5-47A1-89D6-01A7FB4ABA93}.Release|Any CPU.Build.0 = Release|Any CPU
		{28560015-1F1B-495E-9FAF-D4124436C2D7}.Debug|Any CPU.ActiveCfg = Debug|Any CPU
		{28560015-1F1B-495E-9FAF-D4124436C2D7}.Debug|Any CPU.Build.0 = Debug|Any CPU
		{28560015-1F1B-495E-9FAF-D4124436C2D7}.Release|Any CPU.ActiveCfg = Release|Any CPU
		{28560015-1F1B-495E-9FAF-D4124436C2D7}.Release|Any CPU.Build.0 = Release|Any CPU
		{23727DA3-DC45-44D8-AE9B-E1EDC8BE7266}.Debug|Any CPU.ActiveCfg = Debug|Any CPU
		{23727DA3-DC45-44D8-AE9B-E1EDC8BE7266}.Debug|Any CPU.Build.0 = Debug|Any CPU
		{23727DA3-DC45-44D8-AE9B-E1EDC8BE7266}.Release|Any CPU.ActiveCfg = Release|Any CPU
		{23727DA3-DC45-44D8-AE9B-E1EDC8BE7266}.Release|Any CPU.Build.0 = Release|Any CPU
	EndGlobalSection
	GlobalSection(SolutionProperties) = preSolution
		HideSolutionNode = FALSE
	EndGlobalSection
	GlobalSection(NestedProjects) = preSolution
		{5DF434C7-DBF6-4071-A77B-851B926539A1} = {17A95E57-AF61-4253-B8B3-5A8529E99EE4}
		{E2488431-EA81-4003-BE34-5733F6A61262} = {220CD265-95E6-4F56-BFA3-49D6F935789B}
		{07760E09-10F2-4697-9F8A-9FF8DCC172DF} = {220CD265-95E6-4F56-BFA3-49D6F935789B}
		{9C2B03E2-AF70-4316-B129-2BCF0554EE3A} = {6DD3AC42-96B0-4A9F-9D5E-6F52ED735A70}
		{11997204-0984-4806-8721-21CA057BA47E} = {6DD3AC42-96B0-4A9F-9D5E-6F52ED735A70}
		{6503CB4D-86D3-4AD8-8442-CD30732DEAA7} = {6DD3AC42-96B0-4A9F-9D5E-6F52ED735A70}
		{9E4428C0-D1F2-45E5-B5D8-331F894C23A1} = {D85AF556-3D68-402F-978D-BF1FFF205702}
		{C54EA278-42F5-47A1-89D6-01A7FB4ABA93} = {17A95E57-AF61-4253-B8B3-5A8529E99EE4}
		{28560015-1F1B-495E-9FAF-D4124436C2D7} = {D85AF556-3D68-402F-978D-BF1FFF205702}
		{23727DA3-DC45-44D8-AE9B-E1EDC8BE7266} = {D85AF556-3D68-402F-978D-BF1FFF205702}
	EndGlobalSection
EndGlobal
